// !$*UTF8*$!
{
	archiveVersion = 1;
	classes = {
	};
	objectVersion = 50;
	objects = {

/* Begin PBXBuildFile section */
		2B0E118C252D772E00364264 /* AppDelegate.swift in Sources */ = {isa = PBXBuildFile; fileRef = 2B0E118B252D772E00364264 /* AppDelegate.swift */; };
		2B0E118E252D772E00364264 /* SceneDelegate.swift in Sources */ = {isa = PBXBuildFile; fileRef = 2B0E118D252D772E00364264 /* SceneDelegate.swift */; };
		2B0E1190252D772E00364264 /* TimerViewController.swift in Sources */ = {isa = PBXBuildFile; fileRef = 2B0E118F252D772E00364264 /* TimerViewController.swift */; };
		2B0E1193252D772E00364264 /* Main.storyboard in Resources */ = {isa = PBXBuildFile; fileRef = 2B0E1191252D772E00364264 /* Main.storyboard */; };
		2B0E1195252D772F00364264 /* Assets.xcassets in Resources */ = {isa = PBXBuildFile; fileRef = 2B0E1194252D772F00364264 /* Assets.xcassets */; };
		2B0E1198252D772F00364264 /* LaunchScreen.storyboard in Resources */ = {isa = PBXBuildFile; fileRef = 2B0E1196252D772F00364264 /* LaunchScreen.storyboard */; };
		2B0E11A4252D777F00364264 /* CustomButton.swift in Sources */ = {isa = PBXBuildFile; fileRef = 2B0E11A3252D777F00364264 /* CustomButton.swift */; };
		2B0E11A7252D779500364264 /* CancelButton.swift in Sources */ = {isa = PBXBuildFile; fileRef = 2B0E11A6252D779500364264 /* CancelButton.swift */; };
		2B0E11AC252D77E800364264 /* SettingsViewController.swift in Sources */ = {isa = PBXBuildFile; fileRef = 2B0E11AB252D77E800364264 /* SettingsViewController.swift */; };
		2B0E11AF252D780400364264 /* TabBarController.swift in Sources */ = {isa = PBXBuildFile; fileRef = 2B0E11AE252D780400364264 /* TabBarController.swift */; };
/* End PBXBuildFile section */

/* Begin PBXFileReference section */
		2B0E1188252D772E00364264 /* Pomodoro Timer.app */ = {isa = PBXFileReference; explicitFileType = wrapper.application; includeInIndex = 0; path = "Pomodoro Timer.app"; sourceTree = BUILT_PRODUCTS_DIR; };
		2B0E118B252D772E00364264 /* AppDelegate.swift */ = {isa = PBXFileReference; lastKnownFileType = sourcecode.swift; path = AppDelegate.swift; sourceTree = "<group>"; };
		2B0E118D252D772E00364264 /* SceneDelegate.swift */ = {isa = PBXFileReference; lastKnownFileType = sourcecode.swift; path = SceneDelegate.swift; sourceTree = "<group>"; };
		2B0E118F252D772E00364264 /* TimerViewController.swift */ = {isa = PBXFileReference; lastKnownFileType = sourcecode.swift; path = TimerViewController.swift; sourceTree = "<group>"; };
		2B0E1192252D772E00364264 /* Base */ = {isa = PBXFileReference; lastKnownFileType = file.storyboard; name = Base; path = Base.lproj/Main.storyboard; sourceTree = "<group>"; };
		2B0E1194252D772F00364264 /* Assets.xcassets */ = {isa = PBXFileReference; lastKnownFileType = folder.assetcatalog; path = Assets.xcassets; sourceTree = "<group>"; };
		2B0E1197252D772F00364264 /* Base */ = {isa = PBXFileReference; lastKnownFileType = file.storyboard; name = Base; path = Base.lproj/LaunchScreen.storyboard; sourceTree = "<group>"; };
		2B0E1199252D772F00364264 /* Info.plist */ = {isa = PBXFileReference; lastKnownFileType = text.plist.xml; path = Info.plist; sourceTree = "<group>"; };
		2B0E11A3252D777F00364264 /* CustomButton.swift */ = {isa = PBXFileReference; lastKnownFileType = sourcecode.swift; path = CustomButton.swift; sourceTree = "<group>"; };
		2B0E11A6252D779500364264 /* CancelButton.swift */ = {isa = PBXFileReference; lastKnownFileType = sourcecode.swift; path = CancelButton.swift; sourceTree = "<group>"; };
		2B0E11AB252D77E800364264 /* SettingsViewController.swift */ = {isa = PBXFileReference; lastKnownFileType = sourcecode.swift; path = SettingsViewController.swift; sourceTree = "<group>"; };
		2B0E11AE252D780400364264 /* TabBarController.swift */ = {isa = PBXFileReference; lastKnownFileType = sourcecode.swift; path = TabBarController.swift; sourceTree = "<group>"; };
/* End PBXFileReference section */

/* Begin PBXFrameworksBuildPhase section */
		2B0E1185252D772E00364264 /* Frameworks */ = {
			isa = PBXFrameworksBuildPhase;
			buildActionMask = 2147483647;
			files = (
			);
			runOnlyForDeploymentPostprocessing = 0;
		};
/* End PBXFrameworksBuildPhase section */

/* Begin PBXGroup section */
		2B0E117F252D772E00364264 = {
			isa = PBXGroup;
			children = (
				2B0E118A252D772E00364264 /* Pomodoro Timer */,
				2B0E1189252D772E00364264 /* Products */,
			);
			sourceTree = "<group>";
		};
		2B0E1189252D772E00364264 /* Products */ = {
			isa = PBXGroup;
			children = (
				2B0E1188252D772E00364264 /* Pomodoro Timer.app */,
			);
			name = Products;
			sourceTree = "<group>";
		};
		2B0E118A252D772E00364264 /* Pomodoro Timer */ = {
			isa = PBXGroup;
			children = (
				2B0E118B252D772E00364264 /* AppDelegate.swift */,
				2B0E118D252D772E00364264 /* SceneDelegate.swift */,
				2B0E11A0252D775100364264 /* Model */,
				2B0E11A1252D775600364264 /* View */,
				2B0E11A2252D775E00364264 /* Controller */,
				2B0E1191252D772E00364264 /* Main.storyboard */,
				2B0E1194252D772F00364264 /* Assets.xcassets */,
				2B0E1196252D772F00364264 /* LaunchScreen.storyboard */,
				2B0E1199252D772F00364264 /* Info.plist */,
			);
			path = "Pomodoro Timer";
			sourceTree = "<group>";
		};
		2B0E11A0252D775100364264 /* Model */ = {
			isa = PBXGroup;
			children = (
			);
			path = Model;
			sourceTree = "<group>";
		};
		2B0E11A1252D775600364264 /* View */ = {
			isa = PBXGroup;
			children = (
				2B0E11A3252D777F00364264 /* CustomButton.swift */,
				2B0E11A6252D779500364264 /* CancelButton.swift */,
			);
			path = View;
			sourceTree = "<group>";
		};
		2B0E11A2252D775E00364264 /* Controller */ = {
			isa = PBXGroup;
			children = (
				2B0E118F252D772E00364264 /* TimerViewController.swift */,
				2B0E11AB252D77E800364264 /* SettingsViewController.swift */,
				2B0E11AE252D780400364264 /* TabBarController.swift */,
			);
			path = Controller;
			sourceTree = "<group>";
		};
/* End PBXGroup section */

/* Begin PBXNativeTarget section */
		2B0E1187252D772E00364264 /* Pomodoro Timer */ = {
			isa = PBXNativeTarget;
			buildConfigurationList = 2B0E119C252D772F00364264 /* Build configuration list for PBXNativeTarget "Pomodoro Timer" */;
			buildPhases = (
				2B0E1184252D772E00364264 /* Sources */,
				2B0E1185252D772E00364264 /* Frameworks */,
				2B0E1186252D772E00364264 /* Resources */,
			);
			buildRules = (
			);
			dependencies = (
			);
			name = "Pomodoro Timer";
			productName = "Pomodoro Timer";
			productReference = 2B0E1188252D772E00364264 /* Pomodoro Timer.app */;
			productType = "com.apple.product-type.application";
		};
/* End PBXNativeTarget section */

/* Begin PBXProject section */
		2B0E1180252D772E00364264 /* Project object */ = {
			isa = PBXProject;
			attributes = {
				LastSwiftUpdateCheck = 1200;
				LastUpgradeCheck = 1200;
				TargetAttributes = {
					2B0E1187252D772E00364264 = {
						CreatedOnToolsVersion = 12.0.1;
					};
				};
			};
			buildConfigurationList = 2B0E1183252D772E00364264 /* Build configuration list for PBXProject "Pomodoro Timer" */;
			compatibilityVersion = "Xcode 9.3";
			developmentRegion = en;
			hasScannedForEncodings = 0;
			knownRegions = (
				en,
				Base,
			);
			mainGroup = 2B0E117F252D772E00364264;
			productRefGroup = 2B0E1189252D772E00364264 /* Products */;
			projectDirPath = "";
			projectRoot = "";
			targets = (
				2B0E1187252D772E00364264 /* Pomodoro Timer */,
			);
		};
/* End PBXProject section */

/* Begin PBXResourcesBuildPhase section */
		2B0E1186252D772E00364264 /* Resources */ = {
			isa = PBXResourcesBuildPhase;
			buildActionMask = 2147483647;
			files = (
				2B0E1198252D772F00364264 /* LaunchScreen.storyboard in Resources */,
				2B0E1195252D772F00364264 /* Assets.xcassets in Resources */,
				2B0E1193252D772E00364264 /* Main.storyboard in Resources */,
			);
			runOnlyForDeploymentPostprocessing = 0;
		};
/* End PBXResourcesBuildPhase section */

/* Begin PBXSourcesBuildPhase section */
		2B0E1184252D772E00364264 /* Sources */ = {
			isa = PBXSourcesBuildPhase;
			buildActionMask = 2147483647;
			files = (
				2B0E11A4252D777F00364264 /* CustomButton.swift in Sources */,
				2B0E1190252D772E00364264 /* TimerViewController.swift in Sources */,
				2B0E118C252D772E00364264 /* AppDelegate.swift in Sources */,
				2B0E118E252D772E00364264 /* SceneDelegate.swift in Sources */,
				2B0E11AF252D780400364264 /* TabBarController.swift in Sources */,
				2B0E11A7252D779500364264 /* CancelButton.swift in Sources */,
				2B0E11AC252D77E800364264 /* SettingsViewController.swift in Sources */,
			);
			runOnlyForDeploymentPostprocessing = 0;
		};
/* End PBXSourcesBuildPhase section */

/* Begin PBXVariantGroup section */
		2B0E1191252D772E00364264 /* Main.storyboard */ = {
			isa = PBXVariantGroup;
			children = (
				2B0E1192252D772E00364264 /* Base */,
			);
			name = Main.storyboard;
			sourceTree = "<group>";
		};
		2B0E1196252D772F00364264 /* LaunchScreen.storyboard */ = {
			isa = PBXVariantGroup;
			children = (
				2B0E1197252D772F00364264 /* Base */,
			);
			name = LaunchScreen.storyboard;
			sourceTree = "<group>";
		};
/* End PBXVariantGroup section */

/* Begin XCBuildConfiguration section */
		2B0E119A252D772F00364264 /* Debug */ = {
			isa = XCBuildConfiguration;
			buildSettings = {
				ALWAYS_SEARCH_USER_PATHS = NO;
				CLANG_ANALYZER_NONNULL = YES;
				CLANG_ANALYZER_NUMBER_OBJECT_CONVERSION = YES_AGGRESSIVE;
				CLANG_CXX_LANGUAGE_STANDARD = "gnu++14";
				CLANG_CXX_LIBRARY = "libc++";
				CLANG_ENABLE_MODULES = YES;
				CLANG_ENABLE_OBJC_ARC = YES;
				CLANG_ENABLE_OBJC_WEAK = YES;
				CLANG_WARN_BLOCK_CAPTURE_AUTORELEASING = YES;
				CLANG_WARN_BOOL_CONVERSION = YES;
				CLANG_WARN_COMMA = YES;
				CLANG_WARN_CONSTANT_CONVERSION = YES;
				CLANG_WARN_DEPRECATED_OBJC_IMPLEMENTATIONS = YES;
				CLANG_WARN_DIRECT_OBJC_ISA_USAGE = YES_ERROR;
				CLANG_WARN_DOCUMENTATION_COMMENTS = YES;
				CLANG_WARN_EMPTY_BODY = YES;
				CLANG_WARN_ENUM_CONVERSION = YES;
				CLANG_WARN_INFINITE_RECURSION = YES;
				CLANG_WARN_INT_CONVERSION = YES;
				CLANG_WARN_NON_LITERAL_NULL_CONVERSION = YES;
				CLANG_WARN_OBJC_IMPLICIT_RETAIN_SELF = YES;
				CLANG_WARN_OBJC_LITERAL_CONVERSION = YES;
				CLANG_WARN_OBJC_ROOT_CLASS = YES_ERROR;
				CLANG_WARN_QUOTED_INCLUDE_IN_FRAMEWORK_HEADER = YES;
				CLANG_WARN_RANGE_LOOP_ANALYSIS = YES;
				CLANG_WARN_STRICT_PROTOTYPES = YES;
				CLANG_WARN_SUSPICIOUS_MOVE = YES;
				CLANG_WARN_UNGUARDED_AVAILABILITY = YES_AGGRESSIVE;
				CLANG_WARN_UNREACHABLE_CODE = YES;
				CLANG_WARN__DUPLICATE_METHOD_MATCH = YES;
				COPY_PHASE_STRIP = NO;
				DEBUG_INFORMATION_FORMAT = dwarf;
				ENABLE_STRICT_OBJC_MSGSEND = YES;
				ENABLE_TESTABILITY = YES;
				GCC_C_LANGUAGE_STANDARD = gnu11;
				GCC_DYNAMIC_NO_PIC = NO;
				GCC_NO_COMMON_BLOCKS = YES;
				GCC_OPTIMIZATION_LEVEL = 0;
				GCC_PREPROCESSOR_DEFINITIONS = (
					"DEBUG=1",
					"$(inherited)",
				);
				GCC_WARN_64_TO_32_BIT_CONVERSION = YES;
				GCC_WARN_ABOUT_RETURN_TYPE = YES_ERROR;
				GCC_WARN_UNDECLARED_SELECTOR = YES;
				GCC_WARN_UNINITIALIZED_AUTOS = YES_AGGRESSIVE;
				GCC_WARN_UNUSED_FUNCTION = YES;
				GCC_WARN_UNUSED_VARIABLE = YES;
				IPHONEOS_DEPLOYMENT_TARGET = 14.0;
				MTL_ENABLE_DEBUG_INFO = INCLUDE_SOURCE;
				MTL_FAST_MATH = YES;
				ONLY_ACTIVE_ARCH = YES;
				SDKROOT = iphoneos;
				SWIFT_ACTIVE_COMPILATION_CONDITIONS = DEBUG;
				SWIFT_OPTIMIZATION_LEVEL = "-Onone";
			};
			name = Debug;
		};
		2B0E119B252D772F00364264 /* Release */ = {
			isa = XCBuildConfiguration;
			buildSettings = {
				ALWAYS_SEARCH_USER_PATHS = NO;
				CLANG_ANALYZER_NONNULL = YES;
				CLANG_ANALYZER_NUMBER_OBJECT_CONVERSION = YES_AGGRESSIVE;
				CLANG_CXX_LANGUAGE_STANDARD = "gnu++14";
				CLANG_CXX_LIBRARY = "libc++";
				CLANG_ENABLE_MODULES = YES;
				CLANG_ENABLE_OBJC_ARC = YES;
				CLANG_ENABLE_OBJC_WEAK = YES;
				CLANG_WARN_BLOCK_CAPTURE_AUTORELEASING = YES;
				CLANG_WARN_BOOL_CONVERSION = YES;
				CLANG_WARN_COMMA = YES;
				CLANG_WARN_CONSTANT_CONVERSION = YES;
				CLANG_WARN_DEPRECATED_OBJC_IMPLEMENTATIONS = YES;
				CLANG_WARN_DIRECT_OBJC_ISA_USAGE = YES_ERROR;
				CLANG_WARN_DOCUMENTATION_COMMENTS = YES;
				CLANG_WARN_EMPTY_BODY = YES;
				CLANG_WARN_ENUM_CONVERSION = YES;
				CLANG_WARN_INFINITE_RECURSION = YES;
				CLANG_WARN_INT_CONVERSION = YES;
				CLANG_WARN_NON_LITERAL_NULL_CONVERSION = YES;
				CLANG_WARN_OBJC_IMPLICIT_RETAIN_SELF = YES;
				CLANG_WARN_OBJC_LITERAL_CONVERSION = YES;
				CLANG_WARN_OBJC_ROOT_CLASS = YES_ERROR;
				CLANG_WARN_QUOTED_INCLUDE_IN_FRAMEWORK_HEADER = YES;
				CLANG_WARN_RANGE_LOOP_ANALYSIS = YES;
				CLANG_WARN_STRICT_PROTOTYPES = YES;
				CLANG_WARN_SUSPICIOUS_MOVE = YES;
				CLANG_WARN_UNGUARDED_AVAILABILITY = YES_AGGRESSIVE;
				CLANG_WARN_UNREACHABLE_CODE = YES;
				CLANG_WARN__DUPLICATE_METHOD_MATCH = YES;
				COPY_PHASE_STRIP = NO;
				DEBUG_INFORMATION_FORMAT = "dwarf-with-dsym";
				ENABLE_NS_ASSERTIONS = NO;
				ENABLE_STRICT_OBJC_MSGSEND = YES;
				GCC_C_LANGUAGE_STANDARD = gnu11;
				GCC_NO_COMMON_BLOCKS = YES;
				GCC_WARN_64_TO_32_BIT_CONVERSION = YES;
				GCC_WARN_ABOUT_RETURN_TYPE = YES_ERROR;
				GCC_WARN_UNDECLARED_SELECTOR = YES;
				GCC_WARN_UNINITIALIZED_AUTOS = YES_AGGRESSIVE;
				GCC_WARN_UNUSED_FUNCTION = YES;
				GCC_WARN_UNUSED_VARIABLE = YES;
				IPHONEOS_DEPLOYMENT_TARGET = 14.0;
				MTL_ENABLE_DEBUG_INFO = NO;
				MTL_FAST_MATH = YES;
				SDKROOT = iphoneos;
				SWIFT_COMPILATION_MODE = wholemodule;
				SWIFT_OPTIMIZATION_LEVEL = "-O";
				VALIDATE_PRODUCT = YES;
			};
			name = Release;
		};
		2B0E119D252D772F00364264 /* Debug */ = {
			isa = XCBuildConfiguration;
			buildSettings = {
				ASSETCATALOG_COMPILER_APPICON_NAME = AppIcon;
				ASSETCATALOG_COMPILER_GLOBAL_ACCENT_COLOR_NAME = AccentColor;
				CODE_SIGN_STYLE = Automatic;
				DEVELOPMENT_TEAM = 5ZVBFKA54H;
				INFOPLIST_FILE = "Pomodoro Timer/Info.plist";
				LD_RUNPATH_SEARCH_PATHS = (
					"$(inherited)",
					"@executable_path/Frameworks",
				);
				PRODUCT_BUNDLE_IDENTIFIER = "co.mukatayev.Pomodoro-Timer";
				PRODUCT_NAME = "$(TARGET_NAME)";
				SWIFT_VERSION = 5.0;
				TARGETED_DEVICE_FAMILY = "1,2";
			};
			name = Debug;
		};
		2B0E119E252D772F00364264 /* Release */ = {
			isa = XCBuildConfiguration;
			buildSettings = {
				ASSETCATALOG_COMPILER_APPICON_NAME = AppIcon;
				ASSETCATALOG_COMPILER_GLOBAL_ACCENT_COLOR_NAME = AccentColor;
				CODE_SIGN_STYLE = Automatic;
				DEVELOPMENT_TEAM = 5ZVBFKA54H;
				INFOPLIST_FILE = "Pomodoro Timer/Info.plist";
				LD_RUNPATH_SEARCH_PATHS = (
					"$(inherited)",
					"@executable_path/Frameworks",
				);
				PRODUCT_BUNDLE_IDENTIFIER = "co.mukatayev.Pomodoro-Timer";
				PRODUCT_NAME = "$(TARGET_NAME)";
				SWIFT_VERSION = 5.0;
				TARGETED_DEVICE_FAMILY = "1,2";
			};
			name = Release;
		};
/* End XCBuildConfiguration section */

/* Begin XCConfigurationList section */
		2B0E1183252D772E00364264 /* Build configuration list for PBXProject "Pomodoro Timer" */ = {
			isa = XCConfigurationList;
			buildConfigurations = (
				2B0E119A252D772F00364264 /* Debug */,
				2B0E119B252D772F00364264 /* Release */,
			);
			defaultConfigurationIsVisible = 0;
			defaultConfigurationName = Release;
		};
		2B0E119C252D772F00364264 /* Build configuration list for PBXNativeTarget "Pomodoro Timer" */ = {
			isa = XCConfigurationList;
			buildConfigurations = (
				2B0E119D252D772F00364264 /* Debug */,
				2B0E119E252D772F00364264 /* Release */,
			);
			defaultConfigurationIsVisible = 0;
			defaultConfigurationName = Release;
		};
/* End XCConfigurationList section */
	};
	rootObject = 2B0E1180252D772E00364264 /* Project object */;
}
